version = 1
revision = 5
requires-python = "==3.14.*"
resolution-markers = [
    "sys_platform == 'darwin'",
    "sys_platform == 'linux'",
]
supported-markers = [
    "sys_platform == 'darwin'",
    "sys_platform == 'linux'",
]

[[package]]
name = "asgiref"
version = "3.11.1"
source = { registry = "https://pypi.org/simple" }
sdist = { url = "https://files.pythonhosted.org/packages/63/40/f03da1264ae8f7cfdbf9146542e5e7e8100a4c66ab48e791df9a03d3f6c0/asgiref-3.11.1.tar.gz", hash = "sha256:5f184dc43b7e763efe848065441eac62229c9f7b0475f41f80e207a114eda4ce", size = 38550, upload-time = "2026-02-03T13:30:14.33Z" }
wheels = [
    { url = "https://files.pythonhosted.org/packages/5c/0a/a72d10ed65068e115044937873362e6e32fab1b7dce0046aeb224682c989/asgiref-3.11.1-py3-none-any.whl", hash = "sha256:e8667a091e69529631969fd45dc268fa79b99c92c5fcdda727757e52146ec133", size = 24345, upload-time = "2026-02-03T13:30:13.039Z" },
]

[[package]]
name = "click"
version = "8.5.0"
source = { registry = "https://pypi.org/simple" }
sdist = { url = "https://files.pythonhosted.org/packages/c7/0e/7fa0ef50764b67090eca4114772a2abf8b6148198475e54c660b97caeee6/click-8.5.0.tar.gz", hash = "sha256:ba0d2089de75ea0310e2dde03160e6ca10009947fb95a182f9b54021bb272e34", size = 382235, upload-time = "2026-08-26T13:33:14.56Z" }
wheels = [
    { url = "https://files.pythonhosted.org/packages/58/50/6c0d534c5f134586a8e1ba4e330569e32f057e33372ae556463212fb4cd3/click-8.5.0-py3-none-any.whl", hash = "sha256:255bc9599cf7748b4b1a446ccc735421bd08a2ae529a8b88597d3de5664ee360", size = 125251, upload-time = "2026-08-26T13:33:12.928Z" },
]

[[package]]
name = "coverage"
version = "7.16.2"
source = { registry = "https://pypi.org/simple" }
sdist = { url = "https://files.pythonhosted.org/packages/2f/55/d1eaf3e73781174340a00dc1ba2aee8a65f82fadb18e2797b192b6b3925b/coverage-7.16.2.tar.gz", hash = "sha256:ca64d9f1f384f151b9511bec01126072acd2f313439f8ed015a22d8790aab6fa", size = 971999, upload-time = "2026-09-27T12:29:01.118Z" }
wheels = [
    { url = "https://files.pythonhosted.org/packages/59/4c/577fc0803dab4155dcf808faffbdd7b159256781c0874a8586e17b81b149/coverage-7.16.2-cp314-cp314-macosx_10_15_x86_64.whl", hash = "sha256:4ee546b9e4872ffa194bf07ac87bfa1202ebb824d0795dc1ef22f175545ca90a", size = 224138, upload-time = "2026-09-27T12:27:05.141Z" },
    { url = "https://files.pythonhosted.org/packages/75/9e/e3785ba3ecba2bd11efc74bfe2801ca4b78c4480b15a375648d809a59da3/coverage-7.16.2-cp314-cp314-macosx_11_0_arm64.whl", hash = "sha256:a2fac6895eb299a2e52d7bbb8fb3903502b9da8d3f5309ceb16ec40c646b58ee", size = 224445, upload-time = "2026-09-27T12:27:06.805Z" },
    { url = "https://files.pythonhosted.org/packages/f0/d0/963ff22d3fd27117da3b8cc442f5bdc91196f783321e1a8ff0ec43476772/coverage-7.16.2-cp314-cp314-manylinux1_i686.manylinux_2_28_i686.manylinux_2_5_i686.whl", hash = "sha256:57ff3783f99d75a1e81dd56a9737eb5665e6736a5d93258ba596b6dcad8fd05b", size = 256112, upload-time = "2026-09-27T12:27:08.43Z" },
    { url = "https://files.pythonhosted.org/packages/a8/d4/a306940c81c6ae759e82fff27d20b7fdc6896e422b821f51313cce212b6c/coverage-7.16.2-cp314-cp314-manylinux1_x86_64.manylinux_2_28_x86_64.manylinux_2_5_x86_64.whl", hash = "sha256:35f37886699cb9abd29958247d718628d5bc6f39e623dff66a09e546c42a7e03", size = 258727, upload-time = "2026-09-27T12:27:09.927Z" },
    { url = "https://files.pythonhosted.org/packages/b9/a3/d3d99d93b02517087aa05bc0cf2d04d372956b849e5443e059079901429b/coverage-7.16.2-cp314-cp314-manylinux2014_aarch64.manylinux_2_17_aarch64.manylinux_2_28_aarch64.whl", hash = "sha256:0fd7a86fdda7cb6d616d178654bd0ad6bc0f3f33c2e478aa598500a1a9e34eda", size = 259909, upload-time = "2026-09-27T12:27:11.55Z" },
    { url = "https://files.pythonhosted.org/packages/08/44/39dd599181726758dd185ae4dc0c0ab3aeabf7ca70e68e145060feeaaa16/coverage-7.16.2-cp314-cp314-manylinux2014_ppc64le.manylinux_2_17_ppc64le.manylinux_2_28_ppc64le.whl", hash = "sha256:ac0f3b379c94acc2f7dce5f5f0b24d44fa1cc6a509717ef83dfee07450c2117c", size = 262481, upload-time = "2026-09-27T12:27:13.17Z" },
    { url = "https://files.pythonhosted.org/packages/99/e8/91ee43f6ded411460c359d7e1aebde4d6fd8f00a2e5394182d9d212eb23c/coverage-7.16.2-cp314-cp314-manylinux_2_31_riscv64.manylinux_2_39_riscv64.whl", hash = "sha256:7d0732c83746bc24123c581a85d9dd96b70ddb538c9076020aa1a041790361e9", size = 256012, upload-time = "2026-09-27T12:27:14.91Z" },
    { url = "https://files.pythonhosted.org/packages/11/8c/e9499ddc33197bd7eabcb1118ca81756fc874457b324e2b479a4804b2ad2/coverage-7.16.2-cp314-cp314-musllinux_1_2_aarch64.whl", hash = "sha256:7b451c68218c150f616bc9649783ec8de76a59792c759b43aa0c9c0466a465e4", size = 257898, upload-time = "2026-09-27T12:27:16.588Z" },
    { url = "https://files.pythonhosted.org/packages/5f/6e/c081cb5991a0afba99f9c4ad6c74a5fce9513a38ddc64e3e6680c6fed9af/coverage-7.16.2-cp314-cp314-musllinux_1_2_i686.whl", hash = "sha256:a56ac4fa5a75c7e182e8f62600cfb4aff43c5ed7356a034f3557659c3bec1d90", size = 255938, upload-time = "2026-09-27T12:27:18.19Z" },
    { url = "https://files.pythonhosted.org/packages/b2/42/1c3d819e8f9b6eb01c2fe90874d67a8882adb9507e0bbb09361ed131ea89/coverage-7.16.2-cp314-cp314-musllinux_1_2_ppc64le.whl", hash = "sha256:4cc4f73aa3fabc36e32046d6cd2971405948d8a903636508a3d3b2f9128b3a95", size = 260368, upload-time = "2026-09-27T12:27:19.903Z" },
    { url = "https://files.pythonhosted.org/packages/19/4f/d70eac07901fd587b6ab05e659b52afe13959992aa5113bf6cce059cc572/coverage-7.16.2-cp314-cp314-musllinux_1_2_riscv64.whl", hash = "sha256:723dcdab91357159b722935b500ee8abc0a66c8c432e1e9fabf4cc7598952de8", size = 255620, upload-time = "2026-09-27T12:27:21.621Z" },
    { url = "https://files.pythonhosted.org/packages/34/5e/6d87af88317d3d9a9b18a9ca1bc1673eb516917f296e579d0d4a55cb3490/coverage-7.16.2-cp314-cp314-musllinux_1_2_x86_64.whl", hash = "sha256:5397e21a90dde0e9c6896b77ded8f0be26b66f8b22b33aed41f6043ed95d55e6", size = 257521, upload-time = "2026-09-27T12:27:23.358Z" },
    { url = "https://files.pythonhosted.org/packages/d7/85/6d8813aff9b8b8586691a9d33c43c5604f7227622574da7cdc3d91a86861/coverage-7.16.2-cp314-cp314t-macosx_10_15_x86_64.whl", hash = "sha256:d93db87adb6b1c1b408dce4763314b55d76a9f589e96783a84ac9e7689e48bdf", size = 224871, upload-time = "2026-09-27T12:27:30.32Z" },
    { url = "https://files.pythonhosted.org/packages/5c/70/444f3a4981ac2cda40fdcf4cc9b56a4e1a33c222abeb33e51ed3e3eb2a6b/coverage-7.16.2-cp314-cp314t-macosx_11_0_arm64.whl", hash = "sha256:aa62c85046473959c13ba9edca9dc90a77d5c1095b1ba313556314d77fe5b036", size = 225123, upload-time = "2026-09-27T12:27:32.33Z" },
    { url = "https://files.pythonhosted.org/packages/d0/c1/980681cd7b33eb66ac835044116ef0a92e11fcc7bdd866cc89d10b1130b9/coverage-7.16.2-cp314-cp314t-manylinux1_i686.manylinux_2_28_i686.manylinux_2_5_i686.whl", hash = "sha256:db76506aa5416081f3e8974ae0f7965c58ada0bb0ef7339ac86099588dbb20d3", size = 265049, upload-time = "2026-09-27T12:27:34.085Z" },
    { url = "https://files.pythonhosted.org/packages/b2/e3/87679875c33bb2191f0f05544a1cc9adcc940fe0c35443a10f2df753dde5/coverage-7.16.2-cp314-cp314t-manylinux1_x86_64.manylinux_2_28_x86_64.manylinux_2_5_x86_64.whl", hash = "sha256:a0f2285329dac10ab08f79cb11f5692c497018e6c7c511f95e6fd63a70b8f831", size = 267717, upload-time = "2026-09-27T12:27:36.025Z" },
    { url = "https://files.pythonhosted.org/packages/76/64/5d372776d6eb523d4e93bafba2253f96984e3b18261c4cc56a50863c6d0d/coverage-7.16.2-cp314-cp314t-manylinux2014_aarch64.manylinux_2_17_aarch64.manylinux_2_28_aarch64.whl", hash = "sha256:382d3346d56b0eec1b793d53a4c88799c8053f516aa3a8d7c44315696954bacf", size = 270047, upload-time = "2026-09-27T12:27:37.96Z" },
    { url = "https://files.pythonhosted.org/packages/be/c1/44082ff0cbf9f97d0043f57970a71204097ec7ba606361a9fd2065393669/coverage-7.16.2-cp314-cp314t-manylinux2014_ppc64le.manylinux_2_17_ppc64le.manylinux_2_28_ppc64le.whl", hash = "sha256:648352b94507179d82637292e7ae8802508d95f78e2f00a705a50b6c48011681", size = 271360, upload-time = "2026-09-27T12:27:39.766Z" },
    { url = "https://files.pythonhosted.org/packages/b8/17/9a215efe25b5e0ecc87c89dbe525c4a87d14d87c8c0c7316ef140a5f6f3e/coverage-7.16.2-cp314-cp314t-manylinux_2_31_riscv64.manylinux_2_39_riscv64.whl", hash = "sha256:fb2bde05838fffae1a1bf75e5d411a6cac3e4e9bb97e6640fed8cd47888b33f0", size = 264736, upload-time = "2026-09-27T12:27:42.072Z" },
    { url = "https://files.pythonhosted.org/packages/a2/da/7f0a31af8e448107d4d32844bd684757f51ea907bc0c68c8fd537b2123ff/coverage-7.16.2-cp314-cp314t-musllinux_1_2_aarch64.whl", hash = "sha256:6a75180829efb8ae62b4aded25be6ddca1c888d138d2d82e21d93bfbd88f41cb", size = 267600, upload-time = "2026-09-27T12:27:43.85Z" },
    { url = "https://files.pythonhosted.org/packages/dd/a4/3bfecbd3366b775bacdcb3330394d356cf384b5d8f5b2146ac4b14b252b5/coverage-7.16.2-cp314-cp314t-musllinux_1_2_i686.whl", hash = "sha256:99704f73721e23859112072d522076e11c31744fc96b5652e5dd2018aa4359f7", size = 264767, upload-time = "2026-09-27T12:27:45.768Z" },
    { url = "https://files.pythonhosted.org/packages/b8/3f/5d62163732d87e4a0c4710a0eab30f0fd6a2d480112abe2029f014fe8c9d/coverage-7.16.2-cp314-cp314t-musllinux_1_2_ppc64le.whl", hash = "sha256:29309ccc86b7f33df7db12813c299f215bbbc470ed6292d0bedd63ffae1ebf64", size = 269026, upload-time = "2026-09-27T12:27:47.787Z" },
    { url = "https://files.pythonhosted.org/packages/49/4d/8e4579f225426535085a9be371cc75e3b026d058d679b80affbdfb4c3ef0/coverage-7.16.2-cp314-cp314t-musllinux_1_2_riscv64.whl", hash = "sha256:30c1b65d529e46569899fadca59e4a87c1faf2886923f1307ba61e654d4f3c20", size = 264147, upload-time = "2026-09-27T12:27:49.681Z" },
    { url = "https://files.pythonhosted.org/packages/d1/36/ef1f77e2c3f7bb03c2b13b9a2006f88700fdd75535ef158d70049f425c1c/coverage-7.16.2-cp314-cp314t-musllinux_1_2_x86_64.whl", hash = "sha256:dcf4bc2aab4e16b1c4c0c2005918f23a7dd5d7821ddae82caed9e3342dc2fcce", size = 266376, upload-time = "2026-09-27T12:27:51.551Z" },
    { url = "https://files.pythonhosted.org/packages/3f/0c/7a64e1ac90541a8edf50daef0914848011fb057a5bf55284a4811e21939a/coverage-7.16.2-py3-none-any.whl", hash = "sha256:11d28e9123a9156cb405d8d27b44256c9a58fb5decc2073a8f17862057e3aa0f", size = 215754, upload-time = "2026-09-27T12:28:59.075Z" },
]

[[package]]
name = "cssbeautifier"
version = "1.15.4"
source = { registry = "https://pypi.org/simple" }
dependencies = [
    { name = "editorconfig" },
    { name = "jsbeautifier" },
    { name = "six" },
]
sdist = { url = "https://files.pythonhosted.org/packages/f7/01/fdf41c1e5f93d359681976ba10410a04b299d248e28ecce1d4e88588dde4/cssbeautifier-1.15.4.tar.gz", hash = "sha256:9bb08dc3f64c101a01677f128acf01905914cf406baf87434dcde05b74c0acf5", size = 25376, upload-time = "2025-02-27T17:53:51.341Z" }
wheels = [
    { url = "https://files.pythonhosted.org/packages/63/51/ef6c5628e46092f0a54c7cee69acc827adc6b6aab57b55d344fefbdf28f1/cssbeautifier-1.15.4-py3-none-any.whl", hash = "sha256:78c84d5e5378df7d08622bbd0477a1abdbd209680e95480bf22f12d5701efc98", size = 123667, upload-time = "2025-02-27T17:53:43.594Z" },
]

[[package]]
name = "django"
version = "6.1.1"
source = { registry = "https://pypi.org/simple" }
dependencies = [
    { name = "asgiref" },
    { name = "sqlparse" },
]
sdist = { url = "https://files.pythonhosted.org/packages/f8/d4/8314b5bdef20832f0ac6ae3b3e4d4924e4759fa3b4af27609dd747e7a6be/django-6.1.1.tar.gz", hash = "sha256:7ab93536d8e677aa14554c56426290c69480bf2ee68d7513d4a22f57d6bfeb84", size = 11284905, upload-time = "2026-09-02T17:20:45.621Z" }
wheels = [
    { url = "https://files.pythonhosted.org/packages/8d/ca/c1040a4fd15754ede7df15fd72fc2e123045b473b253ab5f5284e11c651e/django-6.1.1-py3-none-any.whl", hash = "sha256:585fb82bf15053c42cf52e67c2f1b54a032dca384759315fd6678ab1870d1d72", size = 8419512, upload-time = "2026-09-02T17:20:39.153Z" },
]

[[package]]
name = "djlint"
version = "1.46.4"
source = { registry = "https://pypi.org/simple" }
dependencies = [
    { name = "click" },
    { name = "cssbeautifier" },
    { name = "jsbeautifier" },
    { name = "json5" },
    { name = "pathspec" },
    { name = "pyyaml" },
    { name = "regex" },
]
sdist = { url = "https://files.pythonhosted.org/packages/97/89/802575614cda0554b57e112c025a79729b50a0bcc32daaf4f8a989850d68/djlint-1.46.4.tar.gz", hash = "sha256:5e05f356bf14a7ecd3d885867b5110e778dafba19640ef88e701c060f3a98a20", size = 127997, upload-time = "2026-10-01T00:39:14.984Z" }
wheels = [
    { url = "https://files.pythonhosted.org/packages/88/11/4676b4eb1063131276fc0779495b126a5c0199bc04081210e9b3a5575713/djlint-1.46.4-cp314-cp314-macosx_10_15_x86_64.whl", hash = "sha256:513793eca770a321fd3ee7bbc129f503d86e1205b1c43c593232e19f84791d1d", size = 1343284, upload-time = "2026-10-01T00:38:19.629Z" },
    { url = "https://files.pythonhosted.org/packages/1a/88/f35ef8cca6bd4189ab730443746980d8f9359957fb76113a2f7c77dcf765/djlint-1.46.4-cp314-cp314-macosx_11_0_arm64.whl", hash = "sha256:870cea4c99e2046b31f1ff97b01699e2e7704548de3d28f56390e5eae8af8600", size = 1267111, upload-time = "2026-10-01T00:38:21.807Z" },
    { url = "https://files.pythonhosted.org/packages/60/85/c81ab9bb5a7af8a74298f053c832305d3314a7fb7ce91e3693e095f53892/djlint-1.46.4-cp314-cp314-manylinux2014_aarch64.manylinux_2_17_aarch64.manylinux_2_28_aarch64.whl", hash = "sha256:d2bbddbee156d4db50f345d4323f3cf342a3134ae649c5bd6db1ad78ae675b28", size = 1338477, upload-time = "2026-10-01T00:38:23.292Z" },
    { url = "https://files.pythonhosted.org/packages/54/33/7507026a9cc35dbe3745a33e7056da50f7cb1109a44edc30d14c60433c8f/djlint-1.46.4-cp314-cp314-manylinux2014_x86_64.manylinux_2_17_x86_64.manylinux_2_28_x86_64.whl", hash = "sha256:9155aff5ddaaed5349ceb0ea6181fbe5015ee9e2b91386af5e820d74e8488858", size = 1393026, upload-time = "2026-10-01T00:38:24.948Z" },
    { url = "https://files.pythonhosted.org/packages/ca/d1/be31f853d649b4d490d4ce488eebcdaab36c9e329d82fcb533ee2f11d3c7/djlint-1.46.4-cp314-cp314-musllinux_1_2_aarch64.whl", hash = "sha256:1264ec664413e94814ffd0bdd4da57f1336b8455444ca28be80fdfe03695a0f0", size = 1360654, upload-time = "2026-10-01T00:38:26.466Z" },
    { url = "https://files.pythonhosted.org/packages/d8/54/37f5c7e083fe04c16d317c4389bc915f3b11451303aca2a2bfdebdfd601c/djlint-1.46.4-cp314-cp314-musllinux_1_2_x86_64.whl", hash = "sha256:b098201876332a330b122807beb5373f9dd05429699b72abbb0a1bf2cc6e0792", size = 1415457, upload-time = "2026-10-01T00:38:28.078Z" },
    { url = "https://files.pythonhosted.org/packages/8c/74/756ff5ce0b61b8c3bb0d8d2f57acfdc1ffdf25f32e2f85e9f577d369ab1f/djlint-1.46.4-cp314-cp314t-macosx_10_15_x86_64.whl", hash = "sha256:ef2797712edfb66b1b8e74bb7712c8d5c95216f1736fef473108e3f44459697c", size = 1443533, upload-time = "2026-10-01T00:38:34.789Z" },
    { url = "https://files.pythonhosted.org/packages/77/61/8c89125861671f845ea62141bd4276335f60d07ec93768b4ff1a21ed76cd/djlint-1.46.4-cp314-cp314t-macosx_11_0_arm64.whl", hash = "sha256:d6885080da5cca2a9537c4c331ecf53820d6aff1d9558fdfccfd6c74430d3139", size = 1360700, upload-time = "2026-10-01T00:38:36.608Z" },
    { url = "https://files.pythonhosted.org/packages/90/11/00ca2b4b3e86983fa0b168922f878bb3353b2fbce8487f6b45a6979ce42a/djlint-1.46.4-cp314-cp314t-manylinux2014_aarch64.manylinux_2_17_aarch64.manylinux_2_28_aarch64.whl", hash = "sha256:eec665942a0e86ebc15c8142dd59678fdd9a59e2e2099a56919b91c507ea1a33", size = 1399136, upload-time = "2026-10-01T00:38:38.274Z" },
    { url = "https://files.pythonhosted.org/packages/93/b4/2b8b7013b2acdb1a09fd7fb9472a864a8dfe63306a2329316962c2a34969/djlint-1.46.4-cp314-cp314t-manylinux2014_x86_64.manylinux_2_17_x86_64.manylinux_2_28_x86_64.whl", hash = "sha256:d77e4fd05a5b3f8ae114c495f71be6f1328adf7339f82ee752edfe8b0e6a27a1", size = 1449460, upload-time = "2026-10-01T00:38:39.871Z" },
    { url = "https://files.pythonhosted.org/packages/de/d4/7bcab4b34b8544450c7efce93fb38c2e4a758ffca6cc433a90156ffaf817/djlint-1.46.4-cp314-cp314t-musllinux_1_2_aarch64.whl", hash = "sha256:594ec91f8e5346597731ab5e7ef396546116b0ed6dd2267222cd223d5975ceab", size = 1418360, upload-time = "2026-10-01T00:38:41.918Z" },
    { url = "https://files.pythonhosted.org/packages/44/06/9a4663b3ec2c9eef53a53e26cf7442078d342343eac3d1847e234a8e8010/djlint-1.46.4-cp314-cp314t-musllinux_1_2_x86_64.whl", hash = "sha256:3f0822e7ee23c9c65316dddeedb440604a21266b4135cd33393984177de06570", size = 1474741, upload-time = "2026-10-01T00:38:43.563Z" },
    { url = "https://files.pythonhosted.org/packages/b7/b2/052fae10a96f7a9099de7e4172c46b5f44fa87f059f06437140faf25b493/djlint-1.46.4-py3-none-any.whl", hash = "sha256:a22c3952f4f8178519bd46747a1eeeb5f3468ddb09763968ac09c56788d206a5", size = 161859, upload-time = "2026-10-01T00:39:13.798Z" },
]

[[package]]
name = "editorconfig"
version = "0.17.1"
source = { registry = "https://pypi.org/simple" }
sdist = { url = "https://files.pythonhosted.org/packages/88/3a/a61d9a1f319a186b05d14df17daea42fcddea63c213bcd61a929fb3a6796/editorconfig-0.17.1.tar.gz", hash = "sha256:23c08b00e8e08cc3adcddb825251c497478df1dada6aefeb01e626ad37303745", size = 14695, upload-time = "2025-06-09T08:21:37.097Z" }
wheels = [
    { url = "https://files.pythonhosted.org/packages/96/fd/a40c621ff207f3ce8e484aa0fc8ba4eb6e3ecf52e15b42ba764b457a9550/editorconfig-0.17.1-py3-none-any.whl", hash = "sha256:1eda9c2c0db8c16dbd50111b710572a5e6de934e39772de1959d41f64fc17c82", size = 16360, upload-time = "2025-06-09T08:21:35.654Z" },
]

[[package]]
name = "execnet"
version = "2.1.2"
source = { registry = "https://pypi.org/simple" }
sdist = { url = "https://files.pythonhosted.org/packages/bf/89/780e11f9588d9e7128a3f87788354c7946a9cbb1401ad38a48c4db9a4f07/execnet-2.1.2.tar.gz", hash = "sha256:63d83bfdd9a23e35b9c6a3261412324f964c2ec8dcd8d3c6916ee9373e0befcd", size = 166622, upload-time = "2025-11-12T09:56:37.75Z" }
wheels = [
    { url = "https://files.pythonhosted.org/packages/ab/84/02fc1827e8cdded4aa65baef11296a9bbe595c474f0d6d758af082d849fd/execnet-2.1.2-py3-none-any.whl", hash = "sha256:67fba928dd5a544b783f6056f449e5e3931a5c378b128bc18501f7ea79e296ec", size = 40708, upload-time = "2025-11-12T09:56:36.333Z" },
]

[[package]]
name = "gunicorn"
version = "26.2.0"
source = { registry = "https://pypi.org/simple" }
sdist = { url = "https://files.pythonhosted.org/packages/d9/8a/e4ef6ee11701b6cd64702848415ffb69eeff85cb388a3c6c7fe86f22f3f8/gunicorn-26.2.0.tar.gz", hash = "sha256:62b864895d9ebff0b2f9867ba04fe811c93121596540830c9c916d0769668447", size = 787921, upload-time = "2026-08-24T15:05:59.3Z" }
wheels = [
    { url = "https://files.pythonhosted.org/packages/fe/85/7522a52e5e2f42faf1a129113ab63e548c42e103e9af395b7bfe65e403e2/gunicorn-26.2.0-py3-none-any.whl", hash = "sha256:bd249d0b3f7972f7432f0a6b6ff3b3ee2d129f70cd1ff6c09a9dd9e29a2b88e3", size = 228389, upload-time = "2026-08-24T15:05:57.67Z" },
]

[[package]]
name = "iniconfig"
version = "2.3.0"
source = { registry = "https://pypi.org/simple" }
sdist = { url = "https://files.pythonhosted.org/packages/72/34/14ca021ce8e5dfedc35312d08ba8bf51fdd999c576889fc2c24cb97f4f10/iniconfig-2.3.0.tar.gz", hash = "sha256:c76315c77db068650d49c5b56314774a7804df16fee4402c1f19d6d15d8c4730", size = 20503, upload-time = "2025-10-18T21:55:43.219Z" }
wheels = [
    { url = "https://files.pythonhosted.org/packages/cb/b1/3846dd7f199d53cb17f49cba7e651e9ce294d8497c8c150530ed11865bb8/iniconfig-2.3.0-py3-none-any.whl", hash = "sha256:f631c04d2c48c52b84d0d0549c99ff3859c98df65b3101406327ecc7d53fbf12", size = 7484, upload-time = "2025-10-18T21:55:41.639Z" },
]

[[package]]
name = "jsbeautifier"
version = "1.15.4"
source = { registry = "https://pypi.org/simple" }
dependencies = [
    { name = "editorconfig" },
    { name = "six" },
]
sdist = { url = "https://files.pythonhosted.org/packages/ea/98/d6cadf4d5a1c03b2136837a435682418c29fdeb66be137128544cecc5b7a/jsbeautifier-1.15.4.tar.gz", hash = "sha256:5bb18d9efb9331d825735fbc5360ee8f1aac5e52780042803943aa7f854f7592", size = 75257, upload-time = "2025-02-27T17:53:53.252Z" }
wheels = [
    { url = "https://files.pythonhosted.org/packages/2d/14/1c65fccf8413d5f5c6e8425f84675169654395098000d8bddc4e9d3390e1/jsbeautifier-1.15.4-py3-none-any.whl", hash = "sha256:72f65de312a3f10900d7685557f84cb61a9733c50dcc27271a39f5b0051bf528", size = 94707, upload-time = "2025-02-27T17:53:46.152Z" },
]

[[package]]
name = "json5"
version = "0.14.0"
source = { registry = "https://pypi.org/simple" }
sdist = { url = "https://files.pythonhosted.org/packages/9c/4b/6f8906aaf67d501e259b0adab4d312945bb7211e8b8d4dcc77c92320edaa/json5-0.14.0.tar.gz", hash = "sha256:b3f492fad9f6cdbced8b7d40b28b9b1c9701c5f561bef0d33b81c2ff433fefcb", size = 52656, upload-time = "2026-03-27T22:50:48.108Z" }
wheels = [
    { url = "https://files.pythonhosted.org/packages/b8/42/cf027b4ac873b076189d935b135397675dac80cb29acb13e1ab86ad6c631/json5-0.14.0-py3-none-any.whl", hash = "sha256:56cf861bab076b1178eb8c92e1311d273a9b9acea2ccc82c276abf839ebaef3a", size = 36271, upload-time = "2026-03-27T22:50:47.073Z" },
]

[[package]]
name = "lifetracker"
version = "0.1.0"
source = { editable = "." }
dependencies = [
    { name = "click" },
    { name = "django" },
    { name = "gunicorn" },
    { name = "pdfkit" },
    { name = "whitenoise" },
]

[package.dev-dependencies]
dev = [
    { name = "coverage" },
    { name = "djlint" },
    { name = "pytest" },
    { name = "pytest-cov" },
    { name = "pytest-django" },
    { name = "pytest-xdist" },
    { name = "pyyaml" },
    { name = "ruff" },
]

[package.metadata]
requires-dist = [
    { name = "click", specifier = ">=8.4.2" },
    { name = "django", specifier = ">=6.1.1" },
    { name = "gunicorn", specifier = ">=26.2.0" },
    { name = "pdfkit", specifier = ">=1.0.0" },
    { name = "whitenoise", specifier = ">=6.12.0" },
]

[package.metadata.requires-dev]
dev = [
    { name = "coverage", specifier = ">=7.15.4" },
    { name = "djlint", specifier = ">=1.46.3" },
    { name = "pytest", specifier = ">=9.1.1" },
    { name = "pytest-cov", specifier = ">=7.1.0" },
    { name = "pytest-django", specifier = ">=4.14.0" },
    { name = "pytest-xdist", specifier = ">=3.8.0" },
    { name = "pyyaml", specifier = ">=6.0.3" },
    { name = "ruff", specifier = ">=0.16.9" },
]

[[package]]
name = "packaging"
version = "26.2"
source = { registry = "https://pypi.org/simple" }
sdist = { url = "https://files.pythonhosted.org/packages/d7/f1/e7a6dd94a8d4a5626c03e4e99c87f241ba9e350cd9e6d75123f992427270/packaging-26.2.tar.gz", hash = "sha256:ff452ff5a3e828ce110190feff1178bb1f2ea2281fa2075aadb987c2fb221661", size = 228134, upload-time = "2026-04-24T20:15:23.917Z" }
wheels = [
    { url = "https://files.pythonhosted.org/packages/df/b2/87e62e8c3e2f4b32e5fe99e0b86d576da1312593b39f47d8ceef365e95ed/packaging-26.2-py3-none-any.whl", hash = "sha256:5fc45236b9446107ff2415ce77c807cee2862cb6fac22b8a73826d0693b0980e", size = 100195, upload-time = "2026-04-24T20:15:22.081Z" },
]

[[package]]
name = "pathspec"
version = "1.0.4"
source = { registry = "https://pypi.org/simple" }
sdist = { url = "https://files.pythonhosted.org/packages/fa/36/e27608899f9b8d4dff0617b2d9ab17ca5608956ca44461ac14ac48b44015/pathspec-1.0.4.tar.gz", hash = "sha256:0210e2ae8a21a9137c0d470578cb0e595af87edaa6ebf12ff176f14a02e0e645", size = 131200, upload-time = "2026-01-27T03:59:46.938Z" }
wheels = [
    { url = "https://files.pythonhosted.org/packages/ef/3c/2c197d226f9ea224a9ab8d197933f9da0ae0aac5b6e0f884e2b8d9c8e9f7/pathspec-1.0.4-py3-none-any.whl", hash = "sha256:fb6ae2fd4e7c921a165808a552060e722767cfa526f99ca5156ed2ce45a5c723", size = 55206, upload-time = "2026-01-27T03:59:45.137Z" },
]

[[package]]
name = "pdfkit"
version = "1.0.0"
source = { registry = "https://pypi.org/simple" }
sdist = { url = "https://files.pythonhosted.org/packages/58/bb/6ddc62b4622776a6514fd749041c2b4bccd343e006d00de590f8090ac8b1/pdfkit-1.0.0.tar.gz", hash = "sha256:992f821e1e18fc8a0e701ecae24b51a2d598296a180caee0a24c0af181da02a9", size = 13288, upload-time = "2021-11-14T19:28:51.672Z" }
wheels = [
    { url = "https://files.pythonhosted.org/packages/64/1b/26c080096dd93936dccfd32c682bed3d5630a84aae9d493ff68afb2ae0fb/pdfkit-1.0.0-py3-none-any.whl", hash = "sha256:a7a4ca0d978e44fa8310c4909f087052430a6e8e0b1dd7ceef657f139789f96f", size = 12099, upload-time = "2021-11-14T19:28:50.44Z" },
]

[[package]]
name = "pluggy"
version = "1.6.0"
source = { registry = "https://pypi.org/simple" }
sdist = { url = "https://files.pythonhosted.org/packages/f9/e2/3e91f31a7d2b083fe6ef3fa267035b518369d9511ffab804f839851d2779/pluggy-1.6.0.tar.gz", hash = "sha256:7dcc130b76258d33b90f61b658791dede3486c3e6bfb003ee5c9bfb396dd22f3", size = 69412, upload-time = "2025-05-15T12:30:07.975Z" }
wheels = [
    { url = "https://files.pythonhosted.org/packages/54/20/4d324d65cc6d9205fabedc306948156824eb9f0ee1633355a8f7ec5c66bf/pluggy-1.6.0-py3-none-any.whl", hash = "sha256:e920276dd6813095e9377c0bc5566d94c932c33b27a3e3945d8389c374dd4746", size = 20538, upload-time = "2025-05-15T12:30:06.134Z" },
]

[[package]]
name = "pygments"
version = "2.20.0"
source = { registry = "https://pypi.org/simple" }
sdist = { url = "https://files.pythonhosted.org/packages/c3/b2/bc9c9196916376152d655522fdcebac55e66de6603a76a02bca1b6414f6c/pygments-2.20.0.tar.gz", hash = "sha256:6757cd03768053ff99f3039c1a36d6c0aa0b263438fcab17520b30a303a82b5f", size = 4955991, upload-time = "2026-03-29T13:29:33.898Z" }
wheels = [
    { url = "https://files.pythonhosted.org/packages/f4/7e/a72dd26f3b0f4f2bf1dd8923c85f7ceb43172af56d63c7383eb62b332364/pygments-2.20.0-py3-none-any.whl", hash = "sha256:81a9e26dd42fd28a23a2d169d86d7ac03b46e2f8b59ed4698fb4785f946d0176", size = 1231151, upload-time = "2026-03-29T13:29:30.038Z" },
]

[[package]]
name = "pytest"
version = "9.1.1"
source = { registry = "https://pypi.org/simple" }
dependencies = [
    { name = "iniconfig" },
    { name = "packaging" },
    { name = "pluggy" },
    { name = "pygments" },
]
sdist = { url = "https://files.pythonhosted.org/packages/e4/47/b9efed96c114afcfa3c9d3fe98a76a1d14c74a9e266d397cf6eb64be5e01/pytest-9.1.1.tar.gz", hash = "sha256:1088fbde8f2b49d95a549a195707afa7a76a3ce9bcadc26b6d71f0ffda5fe313", size = 1636369, upload-time = "2026-06-19T10:58:32.857Z" }
wheels = [
    { url = "https://files.pythonhosted.org/packages/24/25/1de2678b631f5a49215c6c96fff41ba892b0a34df68d6d80292b1b48aa7f/pytest-9.1.1-py3-none-any.whl", hash = "sha256:37a86b45efb9a47a61a36449063e8e18d0cab3161329fc099eb21783169c4f0c", size = 386536, upload-time = "2026-06-19T10:58:31.347Z" },
]

[[package]]
name = "pytest-cov"
version = "7.1.0"
source = { registry = "https://pypi.org/simple" }
dependencies = [
    { name = "coverage" },
    { name = "pluggy" },
    { name = "pytest" },
]
sdist = { url = "https://files.pythonhosted.org/packages/b1/51/a849f96e117386044471c8ec2bd6cfebacda285da9525c9106aeb28da671/pytest_cov-7.1.0.tar.gz", hash = "sha256:30674f2b5f6351aa09702a9c8c364f6a01c27aae0c1366ae8016160d1efc56b2", size = 55592, upload-time = "2026-03-21T20:11:16.284Z" }
wheels = [
    { url = "https://files.pythonhosted.org/packages/9d/7a/d968e294073affff457b041c2be9868a40c1c71f4a35fcc1e45e5493067b/pytest_cov-7.1.0-py3-none-any.whl", hash = "sha256:a0461110b7865f9a271aa1b51e516c9a95de9d696734a2f71e3e78f46e1d4678", size = 22876, upload-time = "2026-03-21T20:11:14.438Z" },
]

[[package]]
name = "pytest-django"
version = "4.14.0"
source = { registry = "https://pypi.org/simple" }
dependencies = [
    { name = "pytest" },
]
sdist = { url = "https://files.pythonhosted.org/packages/44/f6/3851312120c2bf2f19cafff931e75059aad1ba670703cd751e2fde9bc942/pytest_django-4.14.0.tar.gz", hash = "sha256:26787dd3f422cfbab8f55b80a776e2edea7a11092cb74e960bef1312515708ef", size = 94700, upload-time = "2026-08-10T14:13:08.319Z" }
wheels = [
    { url = "https://files.pythonhosted.org/packages/9c/03/850bffad2b581c440ca51c039d74504d5a422c94bda0bdb8a8ba5068d48b/pytest_django-4.14.0-py3-none-any.whl", hash = "sha256:c533b08d89cc675efcd5398eea270b34547e35f9a3608e2c9748dd88428ea187", size = 27067, upload-time = "2026-08-10T14:13:06.998Z" },
]

[[package]]
name = "pytest-xdist"
version = "3.8.0"
source = { registry = "https://pypi.org/simple" }
dependencies = [
    { name = "execnet" },
    { name = "pytest" },
]
sdist = { url = "https://files.pythonhosted.org/packages/78/b4/439b179d1ff526791eb921115fca8e44e596a13efeda518b9d845a619450/pytest_xdist-3.8.0.tar.gz", hash = "sha256:7e578125ec9bc6050861aa93f2d59f1d8d085595d6551c2c90b6f4fad8d3a9f1", size = 88069, upload-time = "2025-07-01T13:30:59.346Z" }
wheels = [
    { url = "https://files.pythonhosted.org/packages/ca/31/d4e37e9e550c2b92a9cbc2e4d0b7420a27224968580b5a447f420847c975/pytest_xdist-3.8.0-py3-none-any.whl", hash = "sha256:202ca578cfeb7370784a8c33d6d05bc6e13b4f25b5053c30a152269fd10f0b88", size = 46396, upload-time = "2025-07-01T13:30:56.632Z" },
]

[[package]]
name = "pyyaml"
version = "6.0.3"
source = { registry = "https://pypi.org/simple" }
sdist = { url = "https://files.pythonhosted.org/packages/05/8e/961c0007c59b8dd7729d542c61a4d537767a59645b82a0b521206e1e25c2/pyyaml-6.0.3.tar.gz", hash = "sha256:d76623373421df22fb4cf8817020cbb7ef15c725b9d5e45f17e189bfc384190f", size = 130960, upload-time = "2025-09-25T21:33:16.546Z" }
wheels = [
    { url = "https://files.pythonhosted.org/packages/9d/8c/f4bd7f6465179953d3ac9bc44ac1a8a3e6122cf8ada906b4f96c60172d43/pyyaml-6.0.3-cp314-cp314-macosx_10_13_x86_64.whl", hash = "sha256:8d1fab6bb153a416f9aeb4b8763bc0f22a5586065f86f7664fc23339fc1c1fac", size = 181814, upload-time = "2025-09-25T21:32:35.712Z" },
    { url = "https://files.pythonhosted.org/packages/bd/9c/4d95bb87eb2063d20db7b60faa3840c1b18025517ae857371c4dd55a6b3a/pyyaml-6.0.3-cp314-cp314-macosx_11_0_arm64.whl", hash = "sha256:34d5fcd24b8445fadc33f9cf348c1047101756fd760b4dacb5c3e99755703310", size = 173809, upload-time = "2025-09-25T21:32:36.789Z" },
    { url = "https://files.pythonhosted.org/packages/92/b5/47e807c2623074914e29dabd16cbbdd4bf5e9b2db9f8090fa64411fc5382/pyyaml-6.0.3-cp314-cp314-manylinux2014_aarch64.manylinux_2_17_aarch64.manylinux_2_28_aarch64.whl", hash = "sha256:501a031947e3a9025ed4405a168e6ef5ae3126c59f90ce0cd6f2bfc477be31b7", size = 766454, upload-time = "2025-09-25T21:32:37.966Z" },
    { url = "https://files.pythonhosted.org/packages/02/9e/e5e9b168be58564121efb3de6859c452fccde0ab093d8438905899a3a483/pyyaml-6.0.3-cp314-cp314-manylinux2014_s390x.manylinux_2_17_s390x.manylinux_2_28_s390x.whl", hash = "sha256:b3bc83488de33889877a0f2543ade9f70c67d66d9ebb4ac959502e12de895788", size = 836355, upload-time = "2025-09-25T21:32:39.178Z" },
    { url = "https://files.pythonhosted.org/packages/88/f9/16491d7ed2a919954993e48aa941b200f38040928474c9e85ea9e64222c3/pyyaml-6.0.3-cp314-cp314-manylinux2014_x86_64.manylinux_2_17_x86_64.manylinux_2_28_x86_64.whl", hash = "sha256:c458b6d084f9b935061bc36216e8a69a7e293a2f1e68bf956dcd9e6cbcd143f5", size = 794175, upload-time = "2025-09-25T21:32:40.865Z" },
    { url = "https://files.pythonhosted.org/packages/dd/3f/5989debef34dc6397317802b527dbbafb2b4760878a53d4166579111411e/pyyaml-6.0.3-cp314-cp314-musllinux_1_2_aarch64.whl", hash = "sha256:7c6610def4f163542a622a73fb39f534f8c101d690126992300bf3207eab9764", size = 755228, upload-time = "2025-09-25T21:32:42.084Z" },
    { url = "https://files.pythonhosted.org/packages/d7/ce/af88a49043cd2e265be63d083fc75b27b6ed062f5f9fd6cdc223ad62f03e/pyyaml-6.0.3-cp314-cp314-musllinux_1_2_x86_64.whl", hash = "sha256:5190d403f121660ce8d1d2c1bb2ef1bd05b5f68533fc5c2ea899bd15f4399b35", size = 789194, upload-time = "2025-09-25T21:32:43.362Z" },
    { url = "https://files.pythonhosted.org/packages/7c/f9/07dd09ae774e4616edf6cda684ee78f97777bdd15847253637a6f052a62f/pyyaml-6.0.3-cp314-cp314t-macosx_10_13_x86_64.whl", hash = "sha256:02893d100e99e03eda1c8fd5c441d8c60103fd175728e23e431db1b589cf5ab3", size = 189108, upload-time = "2025-09-25T21:32:44.377Z" },
    { url = "https://files.pythonhosted.org/packages/4e/78/8d08c9fb7ce09ad8c38ad533c1191cf27f7ae1effe5bb9400a46d9437fcf/pyyaml-6.0.3-cp314-cp314t-macosx_11_0_arm64.whl", hash = "sha256:c1ff362665ae507275af2853520967820d9124984e0f7466736aea23d8611fba", size = 183641, upload-time = "2025-09-25T21:32:45.407Z" },
    { url = "https://files.pythonhosted.org/packages/7b/5b/3babb19104a46945cf816d047db2788bcaf8c94527a805610b0289a01c6b/pyyaml-6.0.3-cp314-cp314t-manylinux2014_aarch64.manylinux_2_17_aarch64.manylinux_2_28_aarch64.whl", hash = "sha256:6adc77889b628398debc7b65c073bcb99c4a0237b248cacaf3fe8a557563ef6c", size = 831901, upload-time = "2025-09-25T21:32:48.83Z" },
    { url = "https://files.pythonhosted.org/packages/8b/cc/dff0684d8dc44da4d22a13f35f073d558c268780ce3c6ba1b87055bb0b87/pyyaml-6.0.3-cp314-cp314t-manylinux2014_s390x.manylinux_2_17_s390x.manylinux_2_28_s390x.whl", hash = "sha256:a80cb027f6b349846a3bf6d73b5e95e782175e52f22108cfa17876aaeff93702", size = 861132, upload-time = "2025-09-25T21:32:50.149Z" },
    { url = "https://files.pythonhosted.org/packages/b1/5e/f77dc6b9036943e285ba76b49e118d9ea929885becb0a29ba8a7c75e29fe/pyyaml-6.0.3-cp314-cp314t-manylinux2014_x86_64.manylinux_2_17_x86_64.manylinux_2_28_x86_64.whl", hash = "sha256:00c4bdeba853cc34e7dd471f16b4114f4162dc03e6b7afcc2128711f0eca823c", size = 839261, upload-time = "2025-09-25T21:32:51.808Z" },
    { url = "https://files.pythonhosted.org/packages/ce/88/a9db1376aa2a228197c58b37302f284b5617f56a5d959fd1763fb1675ce6/pyyaml-6.0.3-cp314-cp314t-musllinux_1_2_aarch64.whl", hash = "sha256:66e1674c3ef6f541c35191caae2d429b967b99e02040f5ba928632d9a7f0f065", size = 805272, upload-time = "2025-09-25T21:32:52.941Z" },
    { url = "https://files.pythonhosted.org/packages/da/92/1446574745d74df0c92e6aa4a7b0b3130706a4142b2d1a5869f2eaa423c6/pyyaml-6.0.3-cp314-cp314t-musllinux_1_2_x86_64.whl", hash = "sha256:16249ee61e95f858e83976573de0f5b2893b3677ba71c9dd36b9cf8be9ac6d65", size = 829923, upload-time = "2025-09-25T21:32:54.537Z" },
]

[[package]]
name = "regex"
version = "2026.4.4"
source = { registry = "https://pypi.org/simple" }
sdist = { url = "https://files.pythonhosted.org/packages/cb/0e/3a246dbf05666918bd3664d9d787f84a9108f6f43cc953a077e4a7dfdb7e/regex-2026.4.4.tar.gz", hash = "sha256:e08270659717f6973523ce3afbafa53515c4dc5dcad637dc215b6fd50f689423", size = 416000, upload-time = "2026-04-03T20:56:28.155Z" }
wheels = [
    { url = "https://files.pythonhosted.org/packages/f0/f5/ed97c2dc47b5fbd4b73c0d7d75f9ebc8eca139f2bbef476bba35f28c0a77/regex-2026.4.4-cp314-cp314-macosx_10_13_universal2.whl", hash = "sha256:2da82d643fa698e5e5210e54af90181603d5853cf469f5eedf9bfc8f59b4b8c7", size = 490343, upload-time = "2026-04-03T20:55:15.241Z" },
    { url = "https://files.pythonhosted.org/packages/80/e9/de4828a7385ec166d673a5790ad06ac48cdaa98bc0960108dd4b9cc1aef7/regex-2026.4.4-cp314-cp314-macosx_10_13_x86_64.whl", hash = "sha256:54a1189ad9d9357760557c91103d5e421f0a2dabe68a5cdf9103d0dcf4e00752", size = 291909, upload-time = "2026-04-03T20:55:17.558Z" },
    { url = "https://files.pythonhosted.org/packages/b4/d6/5cfbfc97f3201a4d24b596a77957e092030dcc4205894bc035cedcfce62f/regex-2026.4.4-cp314-cp314-macosx_11_0_arm64.whl", hash = "sha256:76d67d5afb1fe402d10a6403bae668d000441e2ab115191a804287d53b772951", size = 289692, upload-time = "2026-04-03T20:55:20.561Z" },
    { url = "https://files.pythonhosted.org/packages/8e/ac/f2212d9fd56fe897e36d0110ba30ba2d247bd6410c5bd98499c7e5a1e1f2/regex-2026.4.4-cp314-cp314-manylinux2014_aarch64.manylinux_2_17_aarch64.manylinux_2_28_aarch64.whl", hash = "sha256:e7cd3e4ee8d80447a83bbc9ab0c8459781fa77087f856c3e740d7763be0df27f", size = 796979, upload-time = "2026-04-03T20:55:22.56Z" },
    { url = "https://files.pythonhosted.org/packages/c9/e3/a016c12675fbac988a60c7e1c16e67823ff0bc016beb27bd7a001dbdabc6/regex-2026.4.4-cp314-cp314-manylinux2014_ppc64le.manylinux_2_17_ppc64le.manylinux_2_28_ppc64le.whl", hash = "sha256:2e19e18c568d2866d8b6a6dfad823db86193503f90823a8f66689315ba28fbe8", size = 866744, upload-time = "2026-04-03T20:55:24.646Z" },
    { url = "https://files.pythonhosted.org/packages/af/a4/0b90ca4cf17adc3cb43de80ec71018c37c88ad64987e8d0d481a95ca60b5/regex-2026.4.4-cp314-cp314-manylinux2014_s390x.manylinux_2_17_s390x.manylinux_2_28_s390x.whl", hash = "sha256:7698a6f38730fd1385d390d1ed07bb13dce39aa616aca6a6d89bea178464b9a4", size = 911613, upload-time = "2026-04-03T20:55:27.033Z" },
    { url = "https://files.pythonhosted.org/packages/8e/3b/2b3dac0b82d41ab43aa87c6ecde63d71189d03fe8854b8ca455a315edac3/regex-2026.4.4-cp314-cp314-manylinux2014_x86_64.manylinux_2_17_x86_64.manylinux_2_28_x86_64.whl", hash = "sha256:173a66f3651cdb761018078e2d9487f4cf971232c990035ec0eb1cdc6bf929a9", size = 800551, upload-time = "2026-04-03T20:55:29.532Z" },
    { url = "https://files.pythonhosted.org/packages/25/fe/5365eb7aa0e753c4b5957815c321519ecab033c279c60e1b1ae2367fa810/regex-2026.4.4-cp314-cp314-manylinux_2_31_riscv64.manylinux_2_39_riscv64.whl", hash = "sha256:fa7922bbb2cc84fa062d37723f199d4c0cd200245ce269c05db82d904db66b83", size = 776911, upload-time = "2026-04-03T20:55:31.526Z" },
    { url = "https://files.pythonhosted.org/packages/aa/b3/7fb0072156bba065e3b778a7bc7b0a6328212be5dd6a86fd207e0c4f2dab/regex-2026.4.4-cp314-cp314-musllinux_1_2_aarch64.whl", hash = "sha256:59f67cd0a0acaf0e564c20bbd7f767286f23e91e2572c5703bf3e56ea7557edb", size = 785751, upload-time = "2026-04-03T20:55:33.797Z" },
    { url = "https://files.pythonhosted.org/packages/02/1a/9f83677eb699273e56e858f7bd95acdbee376d42f59e8bfca2fd80d79df3/regex-2026.4.4-cp314-cp314-musllinux_1_2_ppc64le.whl", hash = "sha256:475e50f3f73f73614f7cba5524d6de49dee269df00272a1b85e3d19f6d498465", size = 860484, upload-time = "2026-04-03T20:55:35.745Z" },
    { url = "https://files.pythonhosted.org/packages/3b/7a/93937507b61cfcff8b4c5857f1b452852b09f741daa9acae15c971d8554e/regex-2026.4.4-cp314-cp314-musllinux_1_2_riscv64.whl", hash = "sha256:a1c0c7d67b64d85ac2e1879923bad2f08a08f3004055f2f406ef73c850114bd4", size = 765939, upload-time = "2026-04-03T20:55:37.972Z" },
    { url = "https://files.pythonhosted.org/packages/86/ea/81a7f968a351c6552b1670ead861e2a385be730ee28402233020c67f9e0f/regex-2026.4.4-cp314-cp314-musllinux_1_2_s390x.whl", hash = "sha256:1371c2ccbb744d66ee63631cc9ca12aa233d5749972626b68fe1a649dd98e566", size = 851417, upload-time = "2026-04-03T20:55:39.92Z" },
    { url = "https://files.pythonhosted.org/packages/4c/7e/323c18ce4b5b8f44517a36342961a0306e931e499febbd876bb149d900f0/regex-2026.4.4-cp314-cp314-musllinux_1_2_x86_64.whl", hash = "sha256:59968142787042db793348a3f5b918cf24ced1f23247328530e063f89c128a95", size = 789056, upload-time = "2026-04-03T20:55:42.303Z" },
    { url = "https://files.pythonhosted.org/packages/ff/06/35da85f9f217b9538b99cbb170738993bcc3b23784322decb77619f11502/regex-2026.4.4-cp314-cp314t-macosx_10_13_universal2.whl", hash = "sha256:97850d0638391bdc7d35dc1c1039974dcb921eaafa8cc935ae4d7f272b1d60b3", size = 494191, upload-time = "2026-04-03T20:55:51.258Z" },
    { url = "https://files.pythonhosted.org/packages/54/5b/1bc35f479eef8285c4baf88d8c002023efdeebb7b44a8735b36195486ae7/regex-2026.4.4-cp314-cp314t-macosx_10_13_x86_64.whl", hash = "sha256:ee7337f88f2a580679f7bbfe69dc86c043954f9f9c541012f49abc554a962f2e", size = 293877, upload-time = "2026-04-03T20:55:53.214Z" },
    { url = "https://files.pythonhosted.org/packages/39/5b/f53b9ad17480b3ddd14c90da04bfb55ac6894b129e5dea87bcaf7d00e336/regex-2026.4.4-cp314-cp314t-macosx_11_0_arm64.whl", hash = "sha256:7429f4e6192c11d659900c0648ba8776243bf396ab95558b8c51a345afeddde6", size = 292410, upload-time = "2026-04-03T20:55:55.736Z" },
    { url = "https://files.pythonhosted.org/packages/bb/56/52377f59f60a7c51aa4161eecf0b6032c20b461805aca051250da435ffc9/regex-2026.4.4-cp314-cp314t-manylinux2014_aarch64.manylinux_2_17_aarch64.manylinux_2_28_aarch64.whl", hash = "sha256:dc4f10fbd5dd13dcf4265b4cc07d69ca70280742870c97ae10093e3d66000359", size = 811831, upload-time = "2026-04-03T20:55:57.802Z" },
    { url = "https://files.pythonhosted.org/packages/dd/63/8026310bf066f702a9c361f83a8c9658f3fe4edb349f9c1e5d5273b7c40c/regex-2026.4.4-cp314-cp314t-manylinux2014_ppc64le.manylinux_2_17_ppc64le.manylinux_2_28_ppc64le.whl", hash = "sha256:a152560af4f9742b96f3827090f866eeec5becd4765c8e0d3473d9d280e76a5a", size = 871199, upload-time = "2026-04-03T20:56:00.333Z" },
    { url = "https://files.pythonhosted.org/packages/20/9f/a514bbb00a466dbb506d43f187a04047f7be1505f10a9a15615ead5080ee/regex-2026.4.4-cp314-cp314t-manylinux2014_s390x.manylinux_2_17_s390x.manylinux_2_28_s390x.whl", hash = "sha256:54170b3e95339f415d54651f97df3bff7434a663912f9358237941bbf9143f55", size = 917649, upload-time = "2026-04-03T20:56:02.445Z" },
    { url = "https://files.pythonhosted.org/packages/cb/6b/8399f68dd41a2030218839b9b18360d79b86d22b9fab5ef477c7f23ca67c/regex-2026.4.4-cp314-cp314t-manylinux2014_x86_64.manylinux_2_17_x86_64.manylinux_2_28_x86_64.whl", hash = "sha256:07f190d65f5a72dcb9cf7106bfc3d21e7a49dd2879eda2207b683f32165e4d99", size = 816388, upload-time = "2026-04-03T20:56:04.595Z" },
    { url = "https://files.pythonhosted.org/packages/1e/9c/103963f47c24339a483b05edd568594c2be486188f688c0170fd504b2948/regex-2026.4.4-cp314-cp314t-manylinux_2_31_riscv64.manylinux_2_39_riscv64.whl", hash = "sha256:9a2741ce5a29d3c84b0b94261ba630ab459a1b847a0d6beca7d62d188175c790", size = 785746, upload-time = "2026-04-03T20:56:07.13Z" },
    { url = "https://files.pythonhosted.org/packages/fa/ee/7f6054c0dec0cee3463c304405e4ff42e27cff05bf36fcb34be549ab17bd/regex-2026.4.4-cp314-cp314t-musllinux_1_2_aarch64.whl", hash = "sha256:b26c30df3a28fd9793113dac7385a4deb7294a06c0f760dd2b008bd49a9139bc", size = 801483, upload-time = "2026-04-03T20:56:09.365Z" },
    { url = "https://files.pythonhosted.org/packages/30/c2/51d3d941cf6070dc00c3338ecf138615fc3cce0421c3df6abe97a08af61a/regex-2026.4.4-cp314-cp314t-musllinux_1_2_ppc64le.whl", hash = "sha256:421439d1bee44b19f4583ccf42670ca464ffb90e9fdc38d37f39d1ddd1e44f1f", size = 866331, upload-time = "2026-04-03T20:56:12.039Z" },
    { url = "https://files.pythonhosted.org/packages/16/e8/76d50dcc122ac33927d939f350eebcfe3dbcbda96913e03433fc36de5e63/regex-2026.4.4-cp314-cp314t-musllinux_1_2_riscv64.whl", hash = "sha256:b40379b53ecbc747fd9bdf4a0ea14eb8188ca1bd0f54f78893a39024b28f4863", size = 772673, upload-time = "2026-04-03T20:56:14.558Z" },
    { url = "https://files.pythonhosted.org/packages/a5/6e/5f6bf75e20ea6873d05ba4ec78378c375cbe08cdec571c83fbb01606e563/regex-2026.4.4-cp314-cp314t-musllinux_1_2_s390x.whl", hash = "sha256:08c55c13d2eef54f73eeadc33146fb0baaa49e7335eb1aff6ae1324bf0ddbe4a", size = 857146, upload-time = "2026-04-03T20:56:16.663Z" },
    { url = "https://files.pythonhosted.org/packages/0b/33/3c76d9962949e487ebba353a18e89399f292287204ac8f2f4cfc3a51c233/regex-2026.4.4-cp314-cp314t-musllinux_1_2_x86_64.whl", hash = "sha256:9776b85f510062f5a75ef112afe5f494ef1635607bf1cc220c1391e9ac2f5e81", size = 803463, upload-time = "2026-04-03T20:56:18.923Z" },
]

[[package]]
name = "ruff"
version = "0.16.10"
source = { registry = "https://pypi.org/simple" }
sdist = { url = "https://files.pythonhosted.org/packages/c4/49/23802c45f093eb14bde54b141d2b2f058edfa63a06db7beed047308cc08f/ruff-0.16.10.tar.gz", hash = "sha256:eff4728c4eaae93f0955cd264d24b2ab348e74bf59986ccf282ba6dc16b3b017", size = 4958724, upload-time = "2026-10-01T18:03:21.697Z" }
wheels = [
    { url = "https://files.pythonhosted.org/packages/2f/21/ebce22e1d90cdb2cd691026b9c6e9bec6499f0b396089481755b5d49efff/ruff-0.16.10-py3-none-linux_armv6l.whl", hash = "sha256:488b0fe3f3574210e5cf80d9f59b9e3ab17a127a8155de3f307b392589cfb511", size = 10095557, upload-time = "2026-10-01T18:02:36.072Z" },
    { url = "https://files.pythonhosted.org/packages/cb/98/a54de85876a8b2612bfa0d84c7b9abfb39c6a3354aee7800b09c1649b9e3/ruff-0.16.10-py3-none-macosx_10_12_x86_64.whl", hash = "sha256:e748ff95c934c4e978783b8e687bc174e7bd84e8ad24e3243e1ecfcda5e0282d", size = 10340577, upload-time = "2026-10-01T18:02:39.258Z" },
    { url = "https://files.pythonhosted.org/packages/9f/16/1a5a4a2657effe4806110f2b907313802f1367fcdbb29e8122766e407fab/ruff-0.16.10-py3-none-macosx_11_0_arm64.whl", hash = "sha256:3031a4a2e8e7b8a46f70be45f198c35a11ece509a94b80334d8d397a33c67550", size = 9774282, upload-time = "2026-10-01T18:02:41.79Z" },
    { url = "https://files.pythonhosted.org/packages/6e/fb/470085af734da396e68cd80fb0a3e7c109a459716ae59588c0f6fab8a17d/ruff-0.16.10-py3-none-manylinux_2_17_aarch64.manylinux2014_aarch64.whl", hash = "sha256:494401c86df4c4c25f69b9419605d944467ee98c42fb6ad405ef4fa40b8fb67d", size = 9920895, upload-time = "2026-10-01T18:02:44.458Z" },
    { url = "https://files.pythonhosted.org/packages/57/de/f10cffe4f88a37ea6615ec460f01bf76f0bc1477737a35d9ee61a630a78b/ruff-0.16.10-py3-none-manylinux_2_17_armv7l.manylinux2014_armv7l.whl", hash = "sha256:d203abc0ff2b773ee33d00ab8df0bb67046fbc7c07b119332f08b9b345cf8221", size = 9902707, upload-time = "2026-10-01T18:02:47.041Z" },
    { url = "https://files.pythonhosted.org/packages/ff/44/3fdcedf83ae60ef837dd239170e480dce606a9142cfa2db911afdf855fd9/ruff-0.16.10-py3-none-manylinux_2_17_i686.manylinux2014_i686.whl", hash = "sha256:bd83d1235a5258d318477bc5b576303974cbdef5df0c01a1bff14efcc23bd12a", size = 10619287, upload-time = "2026-10-01T18:02:49.485Z" },
    { url = "https://files.pythonhosted.org/packages/c1/62/02e76a5574002153618eafbb70e159468addc72a5d2c488e65cbb4639d2d/ruff-0.16.10-py3-none-manylinux_2_17_ppc64le.manylinux2014_ppc64le.whl", hash = "sha256:bc2610fb269fa56dd8a68669ae470fa6272902668c0fc2ebc3aa112b2633d5b8", size = 11339942, upload-time = "2026-10-01T18:02:52.008Z" },
    { url = "https://files.pythonhosted.org/packages/6b/c4/cde27d47ad8d4126c587e608c67c46e7feac11763f606d261a1bc8a489e6/ruff-0.16.10-py3-none-manylinux_2_17_s390x.manylinux2014_s390x.whl", hash = "sha256:3e70175e29cc94c26ea296c80e470180b744b7419026898e58f520c6ab32578e", size = 10934316, upload-time = "2026-10-01T18:02:54.811Z" },
    { url = "https://files.pythonhosted.org/packages/e4/03/17234145f302a645a123e8c3bb2411ecf4669fbc350de3b0d803230a1729/ruff-0.16.10-py3-none-manylinux_2_17_x86_64.manylinux2014_x86_64.whl", hash = "sha256:f33f43a864a8483eebd160e713336c8bab02c934feaff0a33cf5ccb41546d09a", size = 10387968, upload-time = "2026-10-01T18:02:57.497Z" },
    { url = "https://files.pythonhosted.org/packages/71/29/2493af60240ee7644b38a4b821f5f9c3b5a4fa3178770fe1d0c685217395/ruff-0.16.10-py3-none-manylinux_2_31_riscv64.whl", hash = "sha256:1dfc6f0088149fb6a362c1c446bcbb3fd2157b3852fe2fa68409276eab9ad9b3", size = 10537906, upload-time = "2026-10-01T18:03:00.006Z" },
    { url = "https://files.pythonhosted.org/packages/2e/9a/f56b28f3b143bb9e518c34fb89ab191b626bca8b70dbf8af0d2e2d473572/ruff-0.16.10-py3-none-musllinux_1_2_aarch64.whl", hash = "sha256:6553498afc35f580f036030795810b9e6bcea31604b0fd9e8d352795473042e3", size = 10012938, upload-time = "2026-10-01T18:03:03.006Z" },
    { url = "https://files.pythonhosted.org/packages/c2/c4/fca37362848ea4d4d80712df13632e645e7c7cfb1bdedf140699ac7a090b/ruff-0.16.10-py3-none-musllinux_1_2_armv7l.whl", hash = "sha256:a3b8471dea115d37f123882be852bed13403746d3a76c11de4a19ec5f9ff5a03", size = 9897945, upload-time = "2026-10-01T18:03:05.818Z" },
    { url = "https://files.pythonhosted.org/packages/7d/c7/e0bc57664d6e0c61fd22f620af260fe9662d7e1ddb320ea7f160e76ef165/ruff-0.16.10-py3-none-musllinux_1_2_i686.whl", hash = "sha256:92e59a70bcbd9d3a5483656da906ec28edfdacfce00afd99edb8b4e9d15644be", size = 10333134, upload-time = "2026-10-01T18:03:08.25Z" },
    { url = "https://files.pythonhosted.org/packages/21/aa/5c9f3b68737c0e4a33a1db5dfab44f7b786d96ca91a7233112ddab1e6dc2/ruff-0.16.10-py3-none-musllinux_1_2_x86_64.whl", hash = "sha256:7ae7375f803b5520dc9f546bed7e3a0acb70b91812e9bb4b19927de22f25b77d", size = 10741702, upload-time = "2026-10-01T18:03:10.775Z" },
]

[[package]]
name = "six"
version = "1.17.0"
source = { registry = "https://pypi.org/simple" }
sdist = { url = "https://files.pythonhosted.org/packages/94/e7/b2c673351809dca68a0e064b6af791aa332cf192da575fd474ed7d6f16a2/six-1.17.0.tar.gz", hash = "sha256:ff70335d468e7eb6ec65b95b99d3a2836546063f63acc5171de367e834932a81", size = 34031, upload-time = "2024-12-04T17:35:28.174Z" }
wheels = [
    { url = "https://files.pythonhosted.org/packages/b7/ce/149a00dd41f10bc29e5921b496af8b574d8413afcd5e30dfa0ed46c2cc5e/six-1.17.0-py2.py3-none-any.whl", hash = "sha256:4721f391ed90541fddacab5acf947aa0d3dc7d27b2e1e8eda2be8970586c3274", size = 11050, upload-time = "2024-12-04T17:35:26.475Z" },
]

[[package]]
name = "sqlparse"
version = "0.5.5"
source = { registry = "https://pypi.org/simple" }
sdist = { url = "https://files.pythonhosted.org/packages/90/76/437d71068094df0726366574cf3432a4ed754217b436eb7429415cf2d480/sqlparse-0.5.5.tar.gz", hash = "sha256:e20d4a9b0b8585fdf63b10d30066c7c94c5d7a7ec47c889a2d83a3caa93ff28e", size = 120815, upload-time = "2025-12-19T07:17:45.073Z" }
wheels = [
    { url = "https://files.pythonhosted.org/packages/49/4b/359f28a903c13438ef59ebeee215fb25da53066db67b305c125f1c6d2a25/sqlparse-0.5.5-py3-none-any.whl", hash = "sha256:12a08b3bf3eec877c519589833aed092e2444e68240a3577e8e26148acc7b1ba", size = 46138, upload-time = "2025-12-19T07:17:46.573Z" },
]

[[package]]
name = "whitenoise"
version = "6.12.0"
source = { registry = "https://pypi.org/simple" }
sdist = { url = "https://files.pythonhosted.org/packages/cb/2a/55b3f3a4ec326cd077c1c3defeee656b9298372a69229134d930151acd01/whitenoise-6.12.0.tar.gz", hash = "sha256:f723ebb76a112e98816ff80fcea0a6c9b8ecde835f8ddda25df7a30a3c2db6ad", size = 26841, upload-time = "2026-02-27T00:05:42.028Z" }
wheels = [
    { url = "https://files.pythonhosted.org/packages/db/eb/d5583a11486211f3ebd4b385545ae787f32363d453c19fffd81106c9c138/whitenoise-6.12.0-py3-none-any.whl", hash = "sha256:fc5e8c572e33ebf24795b47b6a7da8da3c00cff2349f5b04c02f28d0cc5a3cc2", size = 20302, upload-time = "2026-02-27T00:05:40.086Z" },
]
